
Microsoft Visual Studio Solution File, Format Version 12.00
# Visual Studio Version 16
VisualStudioVersion = 16.0.30128.36
MinimumVisualStudioVersion = 10.0.40219.1
Project("{FAE04EC0-301F-11D3-BF4B-00C04F79EFBC}") = "ProcessSharp", "ProcessSharp\ProcessSharp.csproj", "{9DC3ACC3-6850-4E0D-9A09-FF4D34A2BC89}"
EndProject
Project("{FAE04EC0-301F-11D3-BF4B-00C04F79EFBC}") = "ProcessSharpExample", "ProcessSharpExample\ProcessSharpExample.csproj", "{320392EF-9C2E-454C-B5F6-D6B9F0DD4034}"
EndProject
Global
	GlobalSection(SolutionConfigurationPlatforms) = preSolution
		Debug|Any CPU = Debug|Any CPU
		Release|Any CPU = Release|Any CPU
	EndGlobalSection
	GlobalSection(ProjectConfigurationPlatforms) = postSolution
		{9DC3ACC3-6850-4E0D-9A09-FF4D34A2BC89}.Debug|Any CPU.ActiveCfg = Debug|Any CPU
		{9DC3ACC3-6850-4E0D-9A09-FF4D34A2BC89}.Debug|Any CPU.Build.0 = Debug|Any CPU
		{9DC3ACC3-6850-4E0D-9A09-FF4D34A2BC89}.Release|Any CPU.ActiveCfg = Release|Any CPU
		{9DC3ACC3-6850-4E0D-9A09-FF4D34A2BC89}.Release|Any CPU.Build.0 = Release|Any CPU
		{320392EF-9C2E-454C-B5F6-D6B9F0DD4034}.Debug|Any CPU.ActiveCfg = Debug|Any CPU
		{320392EF-9C2E-454C-B5F6-D6B9F0DD4034}.Debug|Any CPU.Build.0 = Debug|Any CPU
		{320392EF-9C2E-454C-B5F6-D6B9F0DD4034}.Release|Any CPU.ActiveCfg = Release|Any CPU
		{320392EF-9C2E-454C-B5F6-D6B9F0DD4034}.Release|Any CPU.Build.0 = Release|Any CPU
	EndGlobalSection
	GlobalSection(SolutionProperties) = preSolution
		HideSolutionNode = FALSE
	EndGlobalSection
	GlobalSection(ExtensibilityGlobals) = postSolution
		SolutionGuid = {8AEFCA3D-8D9B-4C0C-A1A4-D05E437E4A9A}
	EndGlobalSection
EndGlobal
